
Microsoft Visual Studio Solution File, Format Version 11.00
# Visual Studio 2010
Project("{FAE04EC0-301F-11D3-BF4B-00C04F79EFBC}") = "CSim", "CSim.csproj", "{1599A484-6C5B-464C-BBC2-72CEF01C3E1D}"
EndProject
Project("{FAE04EC0-301F-11D3-BF4B-00C04F79EFBC}") = "CSimTests", "CSimTests\CSimTests.csproj", "{434B6A59-7F90-4CFF-9B41-EC43DCF67522}"
EndProject
Global
	GlobalSection(SolutionConfigurationPlatforms) = preSolution
		Debug|x86 = Debug|x86
		Release|x86 = Release|x86
	EndGlobalSection
	GlobalSection(ProjectConfigurationPlatforms) = postSolution
		{1599A484-6C5B-464C-BBC2-72CEF01C3E1D}.Debug|x86.ActiveCfg = Debug|x86
		{1599A484-6C5B-464C-BBC2-72CEF01C3E1D}.Debug|x86.Build.0 = Debug|x86
		{1599A484-6C5B-464C-BBC2-72CEF01C3E1D}.Release|x86.ActiveCfg = Release|x86
		{1599A484-6C5B-464C-BBC2-72CEF01C3E1D}.Release|x86.Build.0 = Release|x86
		{434B6A59-7F90-4CFF-9B41-EC43DCF67522}.Debug|x86.ActiveCfg = Debug|Any CPU
		{434B6A59-7F90-4CFF-9B41-EC43DCF67522}.Debug|x86.Build.0 = Debug|Any CPU
		{434B6A59-7F90-4CFF-9B41-EC43DCF67522}.Release|x86.ActiveCfg = Release|Any CPU
		{434B6A59-7F90-4CFF-9B41-EC43DCF67522}.Release|x86.Build.0 = Release|Any CPU
	EndGlobalSection
	GlobalSection(MonoDevelopProperties) = preSolution
		Policies = $0
		$0.DotNetNamingPolicy = $1
		$1.DirectoryNamespaceAssociation = Hierarchical
		$0.TextStylePolicy = $2
		$2.FileWidth = 120
		$2.inheritsSet = null
		$2.inheritsScope = text/plain
		$2.scope = application/xml
		$0.CSharpFormattingPolicy = $3
		$3.scope = text/x-csharp
		$0.XmlFormattingPolicy = $4
		$4.scope = application/xml
		StartupItem = CSim.csproj
	EndGlobalSection
EndGlobal
